
Microsoft Visual Studio Solution File, Format Version 12.00
# Visual Studio Version 17
VisualStudioVersion = 17.9.34728.123
MinimumVisualStudioVersion = 10.0.40219.1
Project("{9A19103F-16F7-4668-BE54-9A1E7A4F7556}") = "Receiver", "Producer\Receiver.csproj", "{C1BED9A5-0E03-4581-8163-8E00C42DD4A6}"
EndProject
Project("{FAE04EC0-301F-11D3-BF4B-00C04F79EFBC}") = "TheProducer", "TheProducer\TheProducer.csproj", "{6C4F6435-CBA7-49E3-BDA6-D684E3BFC883}"
EndProject
Global
	GlobalSection(SolutionConfigurationPlatforms) = preSolution
		Debug|Any CPU = Debug|Any CPU
		Release|Any CPU = Release|Any CPU
	EndGlobalSection
	GlobalSection(ProjectConfigurationPlatforms) = postSolution
		{C1BED9A5-0E03-4581-8163-8E00C42DD4A6}.Debug|Any CPU.ActiveCfg = Debug|Any CPU
		{C1BED9A5-0E03-4581-8163-8E00C42DD4A6}.Debug|Any CPU.Build.0 = Debug|Any CPU
		{C1BED9A5-0E03-4581-8163-8E00C42DD4A6}.Release|Any CPU.ActiveCfg = Release|Any CPU
		{C1BED9A5-0E03-4581-8163-8E00C42DD4A6}.Release|Any CPU.Build.0 = Release|Any CPU
		{6C4F6435-CBA7-49E3-BDA6-D684E3BFC883}.Debug|Any CPU.ActiveCfg = Debug|Any CPU
		{6C4F6435-CBA7-49E3-BDA6-D684E3BFC883}.Debug|Any CPU.Build.0 = Debug|Any CPU
		{6C4F6435-CBA7-49E3-BDA6-D684E3BFC883}.Release|Any CPU.ActiveCfg = Release|Any CPU
		{6C4F6435-CBA7-49E3-BDA6-D684E3BFC883}.Release|Any CPU.Build.0 = Release|Any CPU
	EndGlobalSection
	GlobalSection(SolutionProperties) = preSolution
		HideSolutionNode = FALSE
	EndGlobalSection
	GlobalSection(ExtensibilityGlobals) = postSolution
		SolutionGuid = {E91AE86D-58BF-4E9F-958A-55553C846B4A}
	EndGlobalSection
EndGlobal
